
Microsoft Visual Studio Solution File, Format Version 12.00
# Visual Studio Version 16
VisualStudioVersion = 16.0.28803.352
MinimumVisualStudioVersion = 10.0.40219.1
Project("{9A19103F-16F7-4668-BE54-9A1E7A4F7556}") = "CygwinPortable", "Source\CygwinPortable.csproj", "{7141D0F0-024E-4486-81F4-D72149C5093B}"
EndProject
Global
	GlobalSection(SolutionConfigurationPlatforms) = preSolution
		Debug|Any CPU = Debug|Any CPU
		Debug|x86 = Debug|x86
		Release|Any CPU = Release|Any CPU
		Release|x86 = Release|x86
	EndGlobalSection
	GlobalSection(ProjectConfigurationPlatforms) = postSolution
		{7141D0F0-024E-4486-81F4-D72149C5093B}.Debug|Any CPU.ActiveCfg = Debug|Any CPU
		{7141D0F0-024E-4486-81F4-D72149C5093B}.Debug|Any CPU.Build.0 = Debug|Any CPU
		{7141D0F0-024E-4486-81F4-D72149C5093B}.Debug|x86.ActiveCfg = Debug|Any CPU
		{7141D0F0-024E-4486-81F4-D72149C5093B}.Debug|x86.Build.0 = Debug|Any CPU
		{7141D0F0-024E-4486-81F4-D72149C5093B}.Release|Any CPU.ActiveCfg = Release|Any CPU
		{7141D0F0-024E-4486-81F4-D72149C5093B}.Release|Any CPU.Build.0 = Release|Any CPU
		{7141D0F0-024E-4486-81F4-D72149C5093B}.Release|x86.ActiveCfg = Release|Any CPU
		{7141D0F0-024E-4486-81F4-D72149C5093B}.Release|x86.Build.0 = Release|Any CPU
	EndGlobalSection
	GlobalSection(SolutionProperties) = preSolution
		HideSolutionNode = FALSE
	EndGlobalSection
	GlobalSection(ExtensibilityGlobals) = postSolution
		SolutionGuid = {5051246D-58E6-47FA-8421-0B84D70995ED}
	EndGlobalSection
EndGlobal
